
Microsoft Visual Studio Solution File, Format Version 12.00
# Visual Studio Version 16
VisualStudioVersion = 16.0.29613.14
MinimumVisualStudioVersion = 10.0.40219.1
Project("{9A19103F-16F7-4668-BE54-9A1E7A4F7556}") = "ab", "APIG\ab\ab.csproj", "{BFC21C79-8D27-4919-B9C4-985172483224}"
EndProject
Project("{2150E333-8FDC-42A3-9474-1A3956D46DE8}") = "APIG", "APIG", "{4EB44F41-0002-474F-B207-4D8F5EDCC709}"
EndProject
Project("{9A19103F-16F7-4668-BE54-9A1E7A4F7556}") = "API", "APIG\API\API.csproj", "{6F52B32F-FFC8-4D22-A5B8-3C12BC5C4DE3}"
EndProject
Project("{9A19103F-16F7-4668-BE54-9A1E7A4F7556}") = "xy", "APIG\xy\xy.csproj", "{875217F0-75B1-4B35-A876-BA0BD758F74F}"
EndProject
Project("{2150E333-8FDC-42A3-9474-1A3956D46DE8}") = "rabbitMai", "rabbitMai", "{23D04EA6-74C0-4B26-A8A2-5102F624A691}"
EndProject
Project("{2150E333-8FDC-42A3-9474-1A3956D46DE8}") = "Oauth", "Oauth", "{BB800168-24A0-4FAD-8482-647CEF7402A7}"
EndProject
Project("{9A19103F-16F7-4668-BE54-9A1E7A4F7556}") = "mailer", "Mailer\Mailer\mailer.csproj", "{94E2BF76-ECBA-4BC6-835C-B0D7A3C08881}"
EndProject
Project("{9A19103F-16F7-4668-BE54-9A1E7A4F7556}") = "rbt rec", "Mailer\rbtREc\rbt rec.csproj", "{7AFC4601-4FAE-4E30-A444-BC3764F702DB}"
EndProject
Project("{9A19103F-16F7-4668-BE54-9A1E7A4F7556}") = "rbt send", "Mailer\rbtSend\rbt send.csproj", "{23A87BFA-CE92-4C31-97C6-FC3DE7457640}"
EndProject
Project("{FAE04EC0-301F-11D3-BF4B-00C04F79EFBC}") = "OAuthGoogl", "Oauth\OAuthGoogl.csproj", "{399C3511-24BA-4AB2-9349-34F044A16497}"
EndProject
Project("{FAE04EC0-301F-11D3-BF4B-00C04F79EFBC}") = "WebApplication2", "WebApplication2\WebApplication2.csproj", "{6E02BCB2-350E-4F8F-91A0-09E26E5F5862}"
EndProject
Global
	GlobalSection(SolutionConfigurationPlatforms) = preSolution
		Debug|Any CPU = Debug|Any CPU
		Release|Any CPU = Release|Any CPU
	EndGlobalSection
	GlobalSection(ProjectConfigurationPlatforms) = postSolution
		{BFC21C79-8D27-4919-B9C4-985172483224}.Debug|Any CPU.ActiveCfg = Debug|Any CPU
		{BFC21C79-8D27-4919-B9C4-985172483224}.Debug|Any CPU.Build.0 = Debug|Any CPU
		{BFC21C79-8D27-4919-B9C4-985172483224}.Release|Any CPU.ActiveCfg = Release|Any CPU
		{BFC21C79-8D27-4919-B9C4-985172483224}.Release|Any CPU.Build.0 = Release|Any CPU
		{6F52B32F-FFC8-4D22-A5B8-3C12BC5C4DE3}.Debug|Any CPU.ActiveCfg = Debug|Any CPU
		{6F52B32F-FFC8-4D22-A5B8-3C12BC5C4DE3}.Debug|Any CPU.Build.0 = Debug|Any CPU
		{6F52B32F-FFC8-4D22-A5B8-3C12BC5C4DE3}.Release|Any CPU.ActiveCfg = Release|Any CPU
		{6F52B32F-FFC8-4D22-A5B8-3C12BC5C4DE3}.Release|Any CPU.Build.0 = Release|Any CPU
		{875217F0-75B1-4B35-A876-BA0BD758F74F}.Debug|Any CPU.ActiveCfg = Debug|Any CPU
		{875217F0-75B1-4B35-A876-BA0BD758F74F}.Debug|Any CPU.Build.0 = Debug|Any CPU
		{875217F0-75B1-4B35-A876-BA0BD758F74F}.Release|Any CPU.ActiveCfg = Release|Any CPU
		{875217F0-75B1-4B35-A876-BA0BD758F74F}.Release|Any CPU.Build.0 = Release|Any CPU
		{94E2BF76-ECBA-4BC6-835C-B0D7A3C08881}.Debug|Any CPU.ActiveCfg = Debug|Any CPU
		{94E2BF76-ECBA-4BC6-835C-B0D7A3C08881}.Debug|Any CPU.Build.0 = Debug|Any CPU
		{94E2BF76-ECBA-4BC6-835C-B0D7A3C08881}.Release|Any CPU.ActiveCfg = Release|Any CPU
		{94E2BF76-ECBA-4BC6-835C-B0D7A3C08881}.Release|Any CPU.Build.0 = Release|Any CPU
		{7AFC4601-4FAE-4E30-A444-BC3764F702DB}.Debug|Any CPU.ActiveCfg = Debug|Any CPU
		{7AFC4601-4FAE-4E30-A444-BC3764F702DB}.Debug|Any CPU.Build.0 = Debug|Any CPU
		{7AFC4601-4FAE-4E30-A444-BC3764F702DB}.Release|Any CPU.ActiveCfg = Release|Any CPU
		{7AFC4601-4FAE-4E30-A444-BC3764F702DB}.Release|Any CPU.Build.0 = Release|Any CPU
		{23A87BFA-CE92-4C31-97C6-FC3DE7457640}.Debug|Any CPU.ActiveCfg = Debug|Any CPU
		{23A87BFA-CE92-4C31-97C6-FC3DE7457640}.Debug|Any CPU.Build.0 = Debug|Any CPU
		{23A87BFA-CE92-4C31-97C6-FC3DE7457640}.Release|Any CPU.ActiveCfg = Release|Any CPU
		{23A87BFA-CE92-4C31-97C6-FC3DE7457640}.Release|Any CPU.Build.0 = Release|Any CPU
		{399C3511-24BA-4AB2-9349-34F044A16497}.Debug|Any CPU.ActiveCfg = Debug|Any CPU
		{399C3511-24BA-4AB2-9349-34F044A16497}.Debug|Any CPU.Build.0 = Debug|Any CPU
		{399C3511-24BA-4AB2-9349-34F044A16497}.Release|Any CPU.ActiveCfg = Release|Any CPU
		{399C3511-24BA-4AB2-9349-34F044A16497}.Release|Any CPU.Build.0 = Release|Any CPU
		{6E02BCB2-350E-4F8F-91A0-09E26E5F5862}.Debug|Any CPU.ActiveCfg = Debug|Any CPU
		{6E02BCB2-350E-4F8F-91A0-09E26E5F5862}.Debug|Any CPU.Build.0 = Debug|Any CPU
		{6E02BCB2-350E-4F8F-91A0-09E26E5F5862}.Release|Any CPU.ActiveCfg = Release|Any CPU
		{6E02BCB2-350E-4F8F-91A0-09E26E5F5862}.Release|Any CPU.Build.0 = Release|Any CPU
	EndGlobalSection
	GlobalSection(SolutionProperties) = preSolution
		HideSolutionNode = FALSE
	EndGlobalSection
	GlobalSection(NestedProjects) = preSolution
		{BFC21C79-8D27-4919-B9C4-985172483224} = {4EB44F41-0002-474F-B207-4D8F5EDCC709}
		{6F52B32F-FFC8-4D22-A5B8-3C12BC5C4DE3} = {4EB44F41-0002-474F-B207-4D8F5EDCC709}
		{875217F0-75B1-4B35-A876-BA0BD758F74F} = {4EB44F41-0002-474F-B207-4D8F5EDCC709}
		{94E2BF76-ECBA-4BC6-835C-B0D7A3C08881} = {23D04EA6-74C0-4B26-A8A2-5102F624A691}
		{7AFC4601-4FAE-4E30-A444-BC3764F702DB} = {23D04EA6-74C0-4B26-A8A2-5102F624A691}
		{23A87BFA-CE92-4C31-97C6-FC3DE7457640} = {23D04EA6-74C0-4B26-A8A2-5102F624A691}
		{399C3511-24BA-4AB2-9349-34F044A16497} = {BB800168-24A0-4FAD-8482-647CEF7402A7}
		{6E02BCB2-350E-4F8F-91A0-09E26E5F5862} = {BB800168-24A0-4FAD-8482-647CEF7402A7}
	EndGlobalSection
	GlobalSection(ExtensibilityGlobals) = postSolution
		SolutionGuid = {C6F604E1-30F8-4FEB-9EF1-96D7B32CC92D}
	EndGlobalSection
EndGlobal
