
Microsoft Visual Studio Solution File, Format Version 12.00
# Visual Studio Version 16
VisualStudioVersion = 16.0.29613.14
MinimumVisualStudioVersion = 10.0.40219.1
Project("{FAE04EC0-301F-11D3-BF4B-00C04F79EFBC}") = "ab", "ab\ab.csproj", "{91E14476-7AC3-4728-AE6B-C58A90291D5E}"
EndProject
Project("{FAE04EC0-301F-11D3-BF4B-00C04F79EFBC}") = "xy", "xy\xy.csproj", "{ECF0F45B-FE27-4B59-9A3F-CBE94BEDEF98}"
EndProject
Project("{FAE04EC0-301F-11D3-BF4B-00C04F79EFBC}") = "API", "API\API.csproj", "{46936ED7-1583-4687-AF61-57F8BC836087}"
EndProject
Project("{2150E333-8FDC-42A3-9474-1A3956D46DE8}") = "APIG", "APIG", "{1BCE7EF0-01D8-4704-8CD7-1776AED7D773}"
EndProject
Project("{2150E333-8FDC-42A3-9474-1A3956D46DE8}") = "rb", "rb", "{2B2A7583-5658-4A43-A67A-789F85130034}"
EndProject
Project("{9A19103F-16F7-4668-BE54-9A1E7A4F7556}") = "rbt send", "rbt\rbt send.csproj", "{9E86CAFA-D15B-4004-85CA-E24FE4BB28F0}"
EndProject
Project("{9A19103F-16F7-4668-BE54-9A1E7A4F7556}") = "rbt rec", "ConsoleApp1\rbt rec.csproj", "{A3FE2AEE-90DF-45A9-9223-A87885054701}"
EndProject
Project("{9A19103F-16F7-4668-BE54-9A1E7A4F7556}") = "mailer", "ConsoleApp2\mailer.csproj", "{86099BC7-624D-4682-8831-E72FFB2C1C93}"
EndProject
Global
	GlobalSection(SolutionConfigurationPlatforms) = preSolution
		Debug|Any CPU = Debug|Any CPU
		Release|Any CPU = Release|Any CPU
	EndGlobalSection
	GlobalSection(ProjectConfigurationPlatforms) = postSolution
		{91E14476-7AC3-4728-AE6B-C58A90291D5E}.Debug|Any CPU.ActiveCfg = Debug|Any CPU
		{91E14476-7AC3-4728-AE6B-C58A90291D5E}.Debug|Any CPU.Build.0 = Debug|Any CPU
		{91E14476-7AC3-4728-AE6B-C58A90291D5E}.Release|Any CPU.ActiveCfg = Release|Any CPU
		{91E14476-7AC3-4728-AE6B-C58A90291D5E}.Release|Any CPU.Build.0 = Release|Any CPU
		{ECF0F45B-FE27-4B59-9A3F-CBE94BEDEF98}.Debug|Any CPU.ActiveCfg = Debug|Any CPU
		{ECF0F45B-FE27-4B59-9A3F-CBE94BEDEF98}.Debug|Any CPU.Build.0 = Debug|Any CPU
		{ECF0F45B-FE27-4B59-9A3F-CBE94BEDEF98}.Release|Any CPU.ActiveCfg = Release|Any CPU
		{ECF0F45B-FE27-4B59-9A3F-CBE94BEDEF98}.Release|Any CPU.Build.0 = Release|Any CPU
		{46936ED7-1583-4687-AF61-57F8BC836087}.Debug|Any CPU.ActiveCfg = Debug|Any CPU
		{46936ED7-1583-4687-AF61-57F8BC836087}.Debug|Any CPU.Build.0 = Debug|Any CPU
		{46936ED7-1583-4687-AF61-57F8BC836087}.Release|Any CPU.ActiveCfg = Release|Any CPU
		{46936ED7-1583-4687-AF61-57F8BC836087}.Release|Any CPU.Build.0 = Release|Any CPU
		{9E86CAFA-D15B-4004-85CA-E24FE4BB28F0}.Debug|Any CPU.ActiveCfg = Debug|Any CPU
		{9E86CAFA-D15B-4004-85CA-E24FE4BB28F0}.Debug|Any CPU.Build.0 = Debug|Any CPU
		{9E86CAFA-D15B-4004-85CA-E24FE4BB28F0}.Release|Any CPU.ActiveCfg = Release|Any CPU
		{9E86CAFA-D15B-4004-85CA-E24FE4BB28F0}.Release|Any CPU.Build.0 = Release|Any CPU
		{A3FE2AEE-90DF-45A9-9223-A87885054701}.Debug|Any CPU.ActiveCfg = Debug|Any CPU
		{A3FE2AEE-90DF-45A9-9223-A87885054701}.Debug|Any CPU.Build.0 = Debug|Any CPU
		{A3FE2AEE-90DF-45A9-9223-A87885054701}.Release|Any CPU.ActiveCfg = Release|Any CPU
		{A3FE2AEE-90DF-45A9-9223-A87885054701}.Release|Any CPU.Build.0 = Release|Any CPU
		{86099BC7-624D-4682-8831-E72FFB2C1C93}.Debug|Any CPU.ActiveCfg = Debug|Any CPU
		{86099BC7-624D-4682-8831-E72FFB2C1C93}.Debug|Any CPU.Build.0 = Debug|Any CPU
		{86099BC7-624D-4682-8831-E72FFB2C1C93}.Release|Any CPU.ActiveCfg = Release|Any CPU
		{86099BC7-624D-4682-8831-E72FFB2C1C93}.Release|Any CPU.Build.0 = Release|Any CPU
	EndGlobalSection
	GlobalSection(SolutionProperties) = preSolution
		HideSolutionNode = FALSE
	EndGlobalSection
	GlobalSection(NestedProjects) = preSolution
		{91E14476-7AC3-4728-AE6B-C58A90291D5E} = {1BCE7EF0-01D8-4704-8CD7-1776AED7D773}
		{ECF0F45B-FE27-4B59-9A3F-CBE94BEDEF98} = {1BCE7EF0-01D8-4704-8CD7-1776AED7D773}
		{46936ED7-1583-4687-AF61-57F8BC836087} = {1BCE7EF0-01D8-4704-8CD7-1776AED7D773}
		{9E86CAFA-D15B-4004-85CA-E24FE4BB28F0} = {2B2A7583-5658-4A43-A67A-789F85130034}
		{A3FE2AEE-90DF-45A9-9223-A87885054701} = {2B2A7583-5658-4A43-A67A-789F85130034}
		{86099BC7-624D-4682-8831-E72FFB2C1C93} = {2B2A7583-5658-4A43-A67A-789F85130034}
	EndGlobalSection
	GlobalSection(ExtensibilityGlobals) = postSolution
		SolutionGuid = {C6F604E1-30F8-4FEB-9EF1-96D7B32CC92D}
	EndGlobalSection
EndGlobal
